Microsoft Visual Studio Solution File, Format Version 8.00
Project("{FAE04EC0-301F-11D3-BF4B-00C04F79EFBC}") = "KAOS.WebControls", "KAOS.WebControls.csproj", "{1771D5D4-16A2-46DA-BB72-237E98EDAD44}"
	ProjectSection(ProjectDependencies) = postProject
	EndProjectSection
EndProject
Global
	GlobalSection(SolutionConfiguration) = preSolution
		Debug = Debug
		Release = Release
	EndGlobalSection
	GlobalSection(ProjectConfiguration) = postSolution
		{1771D5D4-16A2-46DA-BB72-237E98EDAD44}.Debug.ActiveCfg = Debug|.NET
		{1771D5D4-16A2-46DA-BB72-237E98EDAD44}.Debug.Build.0 = Debug|.NET
		{1771D5D4-16A2-46DA-BB72-237E98EDAD44}.Release.ActiveCfg = Release|.NET
		{1771D5D4-16A2-46DA-BB72-237E98EDAD44}.Release.Build.0 = Release|.NET
	EndGlobalSection
	GlobalSection(ExtensibilityGlobals) = postSolution
	EndGlobalSection
	GlobalSection(ExtensibilityAddIns) = postSolution
	EndGlobalSection
EndGlobal
